{
	"name": "hello4-smoke-test",
	"lockfileVersion": 3,
	"requires": true,
	"packages": {
		"": {
			"name": "hello4-smoke-test",
			"dependencies": {
				"@heiwa4126/hello4": "file:../dist"
			}
		},
		"../dist": {
			"name": "@heiwa4126/hello4",
			"version": "0.0.12-rc0",
			"license": "MIT",
			"bin": {
				"heiwa4126-hello4": "esm/main.js"
			}
		},
		"node_modules/@heiwa4126/hello4": {
			"resolved": "../dist",
			"link": true
		}
	}
}
